
Microsoft Visual Studio Solution File, Format Version 12.00
# Visual Studio Version 17
VisualStudioVersion = 17.3.32825.248
MinimumVisualStudioVersion = 10.0.40219.1
Project("{FAE04EC0-301F-11D3-BF4B-00C04F79EFBC}") = "Prb.Pe.Mexicanen.Wpf", "Prb.Pe.Mexicanen.Wpf\Prb.Pe.Mexicanen.Wpf.csproj", "{8C5E28CA-9486-4F80-8B83-0DB56FA7D3AA}"
EndProject
Global
	GlobalSection(SolutionConfigurationPlatforms) = preSolution
		Debug|Any CPU = Debug|Any CPU
		Release|Any CPU = Release|Any CPU
	EndGlobalSection
	GlobalSection(ProjectConfigurationPlatforms) = postSolution
		{8C5E28CA-9486-4F80-8B83-0DB56FA7D3AA}.Debug|Any CPU.ActiveCfg = Debug|Any CPU
		{8C5E28CA-9486-4F80-8B83-0DB56FA7D3AA}.Debug|Any CPU.Build.0 = Debug|Any CPU
		{8C5E28CA-9486-4F80-8B83-0DB56FA7D3AA}.Release|Any CPU.ActiveCfg = Release|Any CPU
		{8C5E28CA-9486-4F80-8B83-0DB56FA7D3AA}.Release|Any CPU.Build.0 = Release|Any CPU
	EndGlobalSection
	GlobalSection(SolutionProperties) = preSolution
		HideSolutionNode = FALSE
	EndGlobalSection
	GlobalSection(ExtensibilityGlobals) = postSolution
		SolutionGuid = {5FEEA4A8-AE3B-4AA3-9D3F-80D63F33BBC4}
	EndGlobalSection
EndGlobal
